
Microsoft Visual Studio Solution File, Format Version 12.00
# Visual Studio Version 17
VisualStudioVersion = 17.11.35312.102
MinimumVisualStudioVersion = 10.0.40219.1
Project("{FAE04EC0-301F-11D3-BF4B-00C04F79EFBC}") = "DarwinPullaguariComplementario", "DarwinPullaguariComplementario.csproj", "{46F6BC13-97E4-4021-9EE7-A5A990C73CC8}"
EndProject
Global
	GlobalSection(SolutionConfigurationPlatforms) = preSolution
		Debug|Any CPU = Debug|Any CPU
		Release|Any CPU = Release|Any CPU
	EndGlobalSection
	GlobalSection(ProjectConfigurationPlatforms) = postSolution
		{46F6BC13-97E4-4021-9EE7-A5A990C73CC8}.Debug|Any CPU.ActiveCfg = Debug|Any CPU
		{46F6BC13-97E4-4021-9EE7-A5A990C73CC8}.Debug|Any CPU.Build.0 = Debug|Any CPU
		{46F6BC13-97E4-4021-9EE7-A5A990C73CC8}.Debug|Any CPU.Deploy.0 = Debug|Any CPU
		{46F6BC13-97E4-4021-9EE7-A5A990C73CC8}.Release|Any CPU.ActiveCfg = Release|Any CPU
		{46F6BC13-97E4-4021-9EE7-A5A990C73CC8}.Release|Any CPU.Build.0 = Release|Any CPU
		{46F6BC13-97E4-4021-9EE7-A5A990C73CC8}.Release|Any CPU.Deploy.0 = Release|Any CPU
	EndGlobalSection
	GlobalSection(SolutionProperties) = preSolution
		HideSolutionNode = FALSE
	EndGlobalSection
	GlobalSection(ExtensibilityGlobals) = postSolution
		SolutionGuid = {4A69606C-4161-4B23-B602-3E843F7779AE}
	EndGlobalSection
EndGlobal
